
Microsoft Visual Studio Solution File, Format Version 12.00
# Visual Studio 2012
Project("{FAE04EC0-301F-11D3-BF4B-00C04F79EFBC}") = "DinkumCoin.Api", "src\DinkumCoin.Api\DinkumCoin.Api.csproj", "{972F0628-735E-4E76-B57C-58AD52A3DAB8}"
EndProject
Project("{FAE04EC0-301F-11D3-BF4B-00C04F79EFBC}") = "Build", "build\Build.csproj", "{807AC21E-A149-4E4D-BE90-82A96A83F9DC}"
EndProject
Project("{FAE04EC0-301F-11D3-BF4B-00C04F79EFBC}") = "DinkumCoin.Data", "src\DinkumCoin.Data\DinkumCoin.Data.csproj", "{A12B67BB-F140-4490-AFB3-03E71022BDF0}"
EndProject
Project("{FAE04EC0-301F-11D3-BF4B-00C04F79EFBC}") = "DinkumCoin.Core", "src\DinkumCoin.Core\DinkumCoin.Core.csproj", "{3E3DE667-ECE0-4B84-A4E9-7A510883CFA1}"
EndProject
Project("{FAE04EC0-301F-11D3-BF4B-00C04F79EFBC}") = "DinkumCoin.Data.Tests", "test\DinkumCoin.Data.Tests\DinkumCoin.Data.Tests.csproj", "{6E40E170-34BD-4B9E-A809-CF9371D20DB1}"
EndProject
Project("{FAE04EC0-301F-11D3-BF4B-00C04F79EFBC}") = "DinkumCoin.Api.PactVerify", "test\DinkumCoin.Api.PactVerify\DinkumCoin.Api.PactVerify.csproj", "{E1E07261-97D4-4E06-8F10-BE75A6E18663}"
EndProject
Project("{2150E333-8FDC-42A3-9474-1A3956D46DE8}") = "src", "src", "{B0224193-5237-476D-95F1-4D18C60C9C55}"
EndProject
Project("{2150E333-8FDC-42A3-9474-1A3956D46DE8}") = "build", "build", "{96E09741-7140-42A2-A715-52ADCC86D9E5}"
EndProject
Project("{2150E333-8FDC-42A3-9474-1A3956D46DE8}") = "test", "test", "{24DA81E3-D81D-4EF2-9209-BEFA3FDD8D32}"
EndProject
Project("{FAE04EC0-301F-11D3-BF4B-00C04F79EFBC}") = "DinkumCoin.Services", "src\DinkumCoin.Services\DinkumCoin.Services.csproj", "{29450CFB-940C-4441-A714-6A9AF3BF8F61}"
EndProject
Project("{FAE04EC0-301F-11D3-BF4B-00C04F79EFBC}") = "DinkumCoin.Services.Tests", "test\DinkumCoin.Services.Tests\DinkumCoin.Services.Tests.csproj", "{3025F423-13F3-4465-902C-5DA3363B46F6}"
EndProject
Global
	GlobalSection(SolutionConfigurationPlatforms) = preSolution
		Debug|Any CPU = Debug|Any CPU
		Release|Any CPU = Release|Any CPU
	EndGlobalSection
	GlobalSection(ProjectConfigurationPlatforms) = postSolution
		{972F0628-735E-4E76-B57C-58AD52A3DAB8}.Debug|Any CPU.ActiveCfg = Debug|Any CPU
		{972F0628-735E-4E76-B57C-58AD52A3DAB8}.Debug|Any CPU.Build.0 = Debug|Any CPU
		{972F0628-735E-4E76-B57C-58AD52A3DAB8}.Release|Any CPU.ActiveCfg = Release|Any CPU
		{972F0628-735E-4E76-B57C-58AD52A3DAB8}.Release|Any CPU.Build.0 = Release|Any CPU
		{807AC21E-A149-4E4D-BE90-82A96A83F9DC}.Debug|Any CPU.ActiveCfg = Debug|Any CPU
		{807AC21E-A149-4E4D-BE90-82A96A83F9DC}.Debug|Any CPU.Build.0 = Debug|Any CPU
		{807AC21E-A149-4E4D-BE90-82A96A83F9DC}.Release|Any CPU.ActiveCfg = Release|Any CPU
		{807AC21E-A149-4E4D-BE90-82A96A83F9DC}.Release|Any CPU.Build.0 = Release|Any CPU
		{A12B67BB-F140-4490-AFB3-03E71022BDF0}.Debug|Any CPU.ActiveCfg = Debug|Any CPU
		{A12B67BB-F140-4490-AFB3-03E71022BDF0}.Debug|Any CPU.Build.0 = Debug|Any CPU
		{A12B67BB-F140-4490-AFB3-03E71022BDF0}.Release|Any CPU.ActiveCfg = Release|Any CPU
		{A12B67BB-F140-4490-AFB3-03E71022BDF0}.Release|Any CPU.Build.0 = Release|Any CPU
		{3E3DE667-ECE0-4B84-A4E9-7A510883CFA1}.Debug|Any CPU.ActiveCfg = Debug|Any CPU
		{3E3DE667-ECE0-4B84-A4E9-7A510883CFA1}.Debug|Any CPU.Build.0 = Debug|Any CPU
		{3E3DE667-ECE0-4B84-A4E9-7A510883CFA1}.Release|Any CPU.ActiveCfg = Release|Any CPU
		{3E3DE667-ECE0-4B84-A4E9-7A510883CFA1}.Release|Any CPU.Build.0 = Release|Any CPU
		{6E40E170-34BD-4B9E-A809-CF9371D20DB1}.Debug|Any CPU.ActiveCfg = Debug|Any CPU
		{6E40E170-34BD-4B9E-A809-CF9371D20DB1}.Debug|Any CPU.Build.0 = Debug|Any CPU
		{6E40E170-34BD-4B9E-A809-CF9371D20DB1}.Release|Any CPU.ActiveCfg = Release|Any CPU
		{6E40E170-34BD-4B9E-A809-CF9371D20DB1}.Release|Any CPU.Build.0 = Release|Any CPU
		{E1E07261-97D4-4E06-8F10-BE75A6E18663}.Debug|Any CPU.ActiveCfg = Debug|Any CPU
		{E1E07261-97D4-4E06-8F10-BE75A6E18663}.Debug|Any CPU.Build.0 = Debug|Any CPU
		{E1E07261-97D4-4E06-8F10-BE75A6E18663}.Release|Any CPU.ActiveCfg = Release|Any CPU
		{E1E07261-97D4-4E06-8F10-BE75A6E18663}.Release|Any CPU.Build.0 = Release|Any CPU
		{29450CFB-940C-4441-A714-6A9AF3BF8F61}.Debug|Any CPU.ActiveCfg = Debug|Any CPU
		{29450CFB-940C-4441-A714-6A9AF3BF8F61}.Debug|Any CPU.Build.0 = Debug|Any CPU
		{29450CFB-940C-4441-A714-6A9AF3BF8F61}.Release|Any CPU.ActiveCfg = Release|Any CPU
		{29450CFB-940C-4441-A714-6A9AF3BF8F61}.Release|Any CPU.Build.0 = Release|Any CPU
		{3025F423-13F3-4465-902C-5DA3363B46F6}.Debug|Any CPU.ActiveCfg = Debug|Any CPU
		{3025F423-13F3-4465-902C-5DA3363B46F6}.Debug|Any CPU.Build.0 = Debug|Any CPU
		{3025F423-13F3-4465-902C-5DA3363B46F6}.Release|Any CPU.ActiveCfg = Release|Any CPU
		{3025F423-13F3-4465-902C-5DA3363B46F6}.Release|Any CPU.Build.0 = Release|Any CPU
	EndGlobalSection
	GlobalSection(NestedProjects) = preSolution
		{6E40E170-34BD-4B9E-A809-CF9371D20DB1} = {24DA81E3-D81D-4EF2-9209-BEFA3FDD8D32}
		{E1E07261-97D4-4E06-8F10-BE75A6E18663} = {24DA81E3-D81D-4EF2-9209-BEFA3FDD8D32}
		{807AC21E-A149-4E4D-BE90-82A96A83F9DC} = {96E09741-7140-42A2-A715-52ADCC86D9E5}
		{972F0628-735E-4E76-B57C-58AD52A3DAB8} = {B0224193-5237-476D-95F1-4D18C60C9C55}
		{3E3DE667-ECE0-4B84-A4E9-7A510883CFA1} = {B0224193-5237-476D-95F1-4D18C60C9C55}
		{A12B67BB-F140-4490-AFB3-03E71022BDF0} = {B0224193-5237-476D-95F1-4D18C60C9C55}
		{29450CFB-940C-4441-A714-6A9AF3BF8F61} = {B0224193-5237-476D-95F1-4D18C60C9C55}
		{3025F423-13F3-4465-902C-5DA3363B46F6} = {24DA81E3-D81D-4EF2-9209-BEFA3FDD8D32}
	EndGlobalSection
EndGlobal
